{
  "name": "tailwind-livechat-preset",
  "version": "1.0.0",
  "lockfileVersion": 2,
  "requires": true,
  "packages": {
    "": {
      "name": "tailwind-livechat-preset",
      "version": "1.0.0",
      "license": "ISC",
      "dependencies": {
        "@livechat/design-system-colors": "^2.0.0"
      }
    },
    "node_modules/@livechat/design-system-colors": {
      "version": "2.0.0",
      "resolved": "https://registry.npmjs.org/@livechat/design-system-colors/-/design-system-colors-2.0.0.tgz",
      "integrity": "sha512-oWmaGRAV/zD+om7xsMRZasgS4bMxckihSWzkCj7vAI+VHO2rVqLFwF7iz7d3sAcUTM5g50h6cfbVPMrjwOpb6Q==",
      "engines": {
        "node": ">=6.0.0"
      }
    }
  },
  "dependencies": {
    "@livechat/design-system-colors": {
      "version": "2.0.0",
      "resolved": "https://registry.npmjs.org/@livechat/design-system-colors/-/design-system-colors-2.0.0.tgz",
      "integrity": "sha512-oWmaGRAV/zD+om7xsMRZasgS4bMxckihSWzkCj7vAI+VHO2rVqLFwF7iz7d3sAcUTM5g50h6cfbVPMrjwOpb6Q=="
    }
  }
}
